
Microsoft Visual Studio Solution File, Format Version 12.00
# Visual Studio 2012
Project("{FAE04EC0-301F-11D3-BF4B-00C04F79EFBC}") = "MockUps", "MockUps\MockUps.csproj", "{FF088623-D6EC-4645-A31C-FBB0B1B00086}"
EndProject
Project("{FAE04EC0-301F-11D3-BF4B-00C04F79EFBC}") = "CompositionManager", "CompositionManager\CompositionManager.csproj", "{F2DA2D89-473F-4FCE-800B-0027944C3A09}"
EndProject
Global
	GlobalSection(SolutionConfigurationPlatforms) = preSolution
		Debug|x86 = Debug|x86
		Release|x86 = Release|x86
	EndGlobalSection
	GlobalSection(ProjectConfigurationPlatforms) = postSolution
		{F2DA2D89-473F-4FCE-800B-0027944C3A09}.Debug|x86.ActiveCfg = Debug|Any CPU
		{F2DA2D89-473F-4FCE-800B-0027944C3A09}.Debug|x86.Build.0 = Debug|Any CPU
		{F2DA2D89-473F-4FCE-800B-0027944C3A09}.Release|x86.ActiveCfg = Release|Any CPU
		{F2DA2D89-473F-4FCE-800B-0027944C3A09}.Release|x86.Build.0 = Release|Any CPU
		{FF088623-D6EC-4645-A31C-FBB0B1B00086}.Debug|x86.ActiveCfg = Debug|x86
		{FF088623-D6EC-4645-A31C-FBB0B1B00086}.Debug|x86.Build.0 = Debug|x86
		{FF088623-D6EC-4645-A31C-FBB0B1B00086}.Release|x86.ActiveCfg = Release|x86
		{FF088623-D6EC-4645-A31C-FBB0B1B00086}.Release|x86.Build.0 = Release|x86
	EndGlobalSection
EndGlobal
